# This file is automatically @generated by Cargo.
# It is not intended for manual editing.
version = 3

[[package]]
name = "facade-service"
version = "0.1.0"

[[package]]
name = "lab1"
version = "0.1.0"

[[package]]
name = "logging-service"
version = "0.1.0"

[[package]]
name = "messages-service"
version = "0.1.0"
